
Microsoft Visual Studio Solution File, Format Version 12.00
# Visual Studio Version 16
VisualStudioVersion = 16.0.29519.181
MinimumVisualStudioVersion = 10.0.40219.1
Project("{FAE04EC0-301F-11D3-BF4B-00C04F79EFBC}") = "Zadania 4", "Zadania 4\Zadania 4.csproj", "{84931102-C147-4118-BEB1-5F69D4557CB5}"
EndProject
Global
	GlobalSection(SolutionConfigurationPlatforms) = preSolution
		Debug|Any CPU = Debug|Any CPU
		Release|Any CPU = Release|Any CPU
	EndGlobalSection
	GlobalSection(ProjectConfigurationPlatforms) = postSolution
		{84931102-C147-4118-BEB1-5F69D4557CB5}.Debug|Any CPU.ActiveCfg = Debug|Any CPU
		{84931102-C147-4118-BEB1-5F69D4557CB5}.Debug|Any CPU.Build.0 = Debug|Any CPU
		{84931102-C147-4118-BEB1-5F69D4557CB5}.Release|Any CPU.ActiveCfg = Release|Any CPU
		{84931102-C147-4118-BEB1-5F69D4557CB5}.Release|Any CPU.Build.0 = Release|Any CPU
	EndGlobalSection
	GlobalSection(SolutionProperties) = preSolution
		HideSolutionNode = FALSE
	EndGlobalSection
	GlobalSection(ExtensibilityGlobals) = postSolution
		SolutionGuid = {AE5F4A46-53DA-4DE2-9CE7-91F3A1313238}
	EndGlobalSection
EndGlobal
