
Microsoft Visual Studio Solution File, Format Version 12.00
# Visual Studio Version 16
VisualStudioVersion = 16.0.29519.181
MinimumVisualStudioVersion = 10.0.40219.1
Project("{FAE04EC0-301F-11D3-BF4B-00C04F79EFBC}") = "Zadanka w domu 3", "Zadanka w domu 3\Zadanka w domu 3.csproj", "{1CBEF773-0AA1-456E-ABED-69F537C65EFC}"
EndProject
Global
	GlobalSection(SolutionConfigurationPlatforms) = preSolution
		Debug|Any CPU = Debug|Any CPU
		Release|Any CPU = Release|Any CPU
	EndGlobalSection
	GlobalSection(ProjectConfigurationPlatforms) = postSolution
		{1CBEF773-0AA1-456E-ABED-69F537C65EFC}.Debug|Any CPU.ActiveCfg = Debug|Any CPU
		{1CBEF773-0AA1-456E-ABED-69F537C65EFC}.Debug|Any CPU.Build.0 = Debug|Any CPU
		{1CBEF773-0AA1-456E-ABED-69F537C65EFC}.Release|Any CPU.ActiveCfg = Release|Any CPU
		{1CBEF773-0AA1-456E-ABED-69F537C65EFC}.Release|Any CPU.Build.0 = Release|Any CPU
	EndGlobalSection
	GlobalSection(SolutionProperties) = preSolution
		HideSolutionNode = FALSE
	EndGlobalSection
	GlobalSection(ExtensibilityGlobals) = postSolution
		SolutionGuid = {46C42D79-CC77-4254-819E-84F4154335AA}
	EndGlobalSection
EndGlobal
