
Microsoft Visual Studio Solution File, Format Version 12.00
# Visual Studio Version 16
VisualStudioVersion = 16.0.29230.47
MinimumVisualStudioVersion = 10.0.40219.1
Project("{FAE04EC0-301F-11D3-BF4B-00C04F79EFBC}") = "Zadanka w domu 2", "Zadanka w domu 2\Zadanka w domu 2.csproj", "{88C54E56-8067-48E9-B566-31D8EA97DAF8}"
EndProject
Global
	GlobalSection(SolutionConfigurationPlatforms) = preSolution
		Debug|Any CPU = Debug|Any CPU
		Release|Any CPU = Release|Any CPU
	EndGlobalSection
	GlobalSection(ProjectConfigurationPlatforms) = postSolution
		{88C54E56-8067-48E9-B566-31D8EA97DAF8}.Debug|Any CPU.ActiveCfg = Debug|Any CPU
		{88C54E56-8067-48E9-B566-31D8EA97DAF8}.Debug|Any CPU.Build.0 = Debug|Any CPU
		{88C54E56-8067-48E9-B566-31D8EA97DAF8}.Release|Any CPU.ActiveCfg = Release|Any CPU
		{88C54E56-8067-48E9-B566-31D8EA97DAF8}.Release|Any CPU.Build.0 = Release|Any CPU
	EndGlobalSection
	GlobalSection(SolutionProperties) = preSolution
		HideSolutionNode = FALSE
	EndGlobalSection
	GlobalSection(ExtensibilityGlobals) = postSolution
		SolutionGuid = {7DAA4B24-6586-4916-8898-85E7507F5A56}
	EndGlobalSection
EndGlobal
